
Microsoft Visual Studio Solution File, Format Version 12.00
# Visual Studio Version 17
VisualStudioVersion = 17.8.34525.116
MinimumVisualStudioVersion = 10.0.40219.1
Project("{FAE04EC0-301F-11D3-BF4B-00C04F79EFBC}") = "Task_3", "Task_3\Task_3.csproj", "{2BC85C92-0965-4F3E-9589-DAF163A7AB87}"
EndProject
Project("{FAE04EC0-301F-11D3-BF4B-00C04F79EFBC}") = "Task_3_2", "Task_3_2\Task_3_2.csproj", "{F780CAD8-3BD8-4C8F-BE03-CA7BDDCDFA89}"
EndProject
Project("{FAE04EC0-301F-11D3-BF4B-00C04F79EFBC}") = "Task_3_3", "Task_3_3\Task_3_3.csproj", "{599C7721-F75F-434D-BCF3-531954F65330}"
EndProject
Global
	GlobalSection(SolutionConfigurationPlatforms) = preSolution
		Debug|Any CPU = Debug|Any CPU
		Release|Any CPU = Release|Any CPU
	EndGlobalSection
	GlobalSection(ProjectConfigurationPlatforms) = postSolution
		{2BC85C92-0965-4F3E-9589-DAF163A7AB87}.Debug|Any CPU.ActiveCfg = Debug|Any CPU
		{2BC85C92-0965-4F3E-9589-DAF163A7AB87}.Debug|Any CPU.Build.0 = Debug|Any CPU
		{2BC85C92-0965-4F3E-9589-DAF163A7AB87}.Release|Any CPU.ActiveCfg = Release|Any CPU
		{2BC85C92-0965-4F3E-9589-DAF163A7AB87}.Release|Any CPU.Build.0 = Release|Any CPU
		{F780CAD8-3BD8-4C8F-BE03-CA7BDDCDFA89}.Debug|Any CPU.ActiveCfg = Debug|Any CPU
		{F780CAD8-3BD8-4C8F-BE03-CA7BDDCDFA89}.Debug|Any CPU.Build.0 = Debug|Any CPU
		{F780CAD8-3BD8-4C8F-BE03-CA7BDDCDFA89}.Release|Any CPU.ActiveCfg = Release|Any CPU
		{F780CAD8-3BD8-4C8F-BE03-CA7BDDCDFA89}.Release|Any CPU.Build.0 = Release|Any CPU
		{599C7721-F75F-434D-BCF3-531954F65330}.Debug|Any CPU.ActiveCfg = Debug|Any CPU
		{599C7721-F75F-434D-BCF3-531954F65330}.Debug|Any CPU.Build.0 = Debug|Any CPU
		{599C7721-F75F-434D-BCF3-531954F65330}.Release|Any CPU.ActiveCfg = Release|Any CPU
		{599C7721-F75F-434D-BCF3-531954F65330}.Release|Any CPU.Build.0 = Release|Any CPU
	EndGlobalSection
	GlobalSection(SolutionProperties) = preSolution
		HideSolutionNode = FALSE
	EndGlobalSection
	GlobalSection(ExtensibilityGlobals) = postSolution
		SolutionGuid = {4DED192E-68EC-4C86-8F77-09885160E863}
	EndGlobalSection
EndGlobal
